
Microsoft Visual Studio Solution File, Format Version 12.00
# Visual Studio 15
VisualStudioVersion = 15.0.26430.13
MinimumVisualStudioVersion = 10.0.40219.1
Project("{8BC9CEB8-8B4A-11D0-8D11-00A0C91BC942}") = "FreeType", "Externals\FreeType\FreeType.vcxproj", "{8EAD06C7-03E0-40AD-A969-CEEE5F30BF76}"
EndProject
Project("{8BC9CEB8-8B4A-11D0-8D11-00A0C91BC942}") = "GLEW", "Externals\GLEW\GLEW.vcxproj", "{EBA14553-ADA2-4562-A038-BE054E9E0305}"
EndProject
Project("{8BC9CEB8-8B4A-11D0-8D11-00A0C91BC942}") = "PortAudio", "Externals\PortAudio\PortAudio.vcxproj", "{92D9EA8C-5D14-46C8-A5A2-E65D4CD8A573}"
EndProject
Project("{8BC9CEB8-8B4A-11D0-8D11-00A0C91BC942}") = "FreeType-GL", "Externals\FreeType-GL\FreeType-GL.vcxproj", "{F41993AE-F4A2-43FB-8D76-224838FAD210}"
EndProject
Project("{8BC9CEB8-8B4A-11D0-8D11-00A0C91BC942}") = "GorillaAudio", "Externals\GorillaAudio\GorillaAudio.vcxproj", "{D3268DF7-596F-4C4C-9903-09862CE57CE2}"
EndProject
Project("{8BC9CEB8-8B4A-11D0-8D11-00A0C91BC942}") = "libvorbis", "Externals\Libvorbis\Libvorbis.vcxproj", "{ABA62D70-D06F-457D-9F98-BA24AA549377}"
EndProject
Project("{8BC9CEB8-8B4A-11D0-8D11-00A0C91BC942}") = "libogg", "Externals\libogg\libogg.vcxproj", "{B26B8E08-4859-41B5-B91C-C0758CFB1FAB}"
EndProject
Project("{8BC9CEB8-8B4A-11D0-8D11-00A0C91BC942}") = "zlibstatic", "Externals\assimp-4.0.0\contrib\zlib\zlibstatic.vcxproj", "{C0E7150B-4D36-3575-A86F-EAD8986F4675}"
EndProject
Project("{8BC9CEB8-8B4A-11D0-8D11-00A0C91BC942}") = "IrrXML", "Externals\assimp-4.0.0\contrib\irrXML\IrrXML.vcxproj", "{D7BA6800-62DB-3525-BC13-06D34095A905}"
EndProject
Project("{8BC9CEB8-8B4A-11D0-8D11-00A0C91BC942}") = "assimp", "Externals\assimp-4.0.0\code\assimp.vcxproj", "{6DC295E1-9625-36D7-9FB5-316F764E0D30}"
EndProject
Global
	GlobalSection(SolutionConfigurationPlatforms) = preSolution
		Debug|x64 = Debug|x64
		Debug|x86 = Debug|x86
		Release|x64 = Release|x64
		Release|x86 = Release|x86
	EndGlobalSection
	GlobalSection(ProjectConfigurationPlatforms) = postSolution
		{8EAD06C7-03E0-40AD-A969-CEEE5F30BF76}.Debug|x64.ActiveCfg = Debug|x64
		{8EAD06C7-03E0-40AD-A969-CEEE5F30BF76}.Debug|x64.Build.0 = Debug|x64
		{8EAD06C7-03E0-40AD-A969-CEEE5F30BF76}.Debug|x86.ActiveCfg = Debug|Win32
		{8EAD06C7-03E0-40AD-A969-CEEE5F30BF76}.Debug|x86.Build.0 = Debug|Win32
		{8EAD06C7-03E0-40AD-A969-CEEE5F30BF76}.Release|x64.ActiveCfg = Release|x64
		{8EAD06C7-03E0-40AD-A969-CEEE5F30BF76}.Release|x64.Build.0 = Release|x64
		{8EAD06C7-03E0-40AD-A969-CEEE5F30BF76}.Release|x86.ActiveCfg = Release|Win32
		{8EAD06C7-03E0-40AD-A969-CEEE5F30BF76}.Release|x86.Build.0 = Release|Win32
		{EBA14553-ADA2-4562-A038-BE054E9E0305}.Debug|x64.ActiveCfg = Debug|x64
		{EBA14553-ADA2-4562-A038-BE054E9E0305}.Debug|x64.Build.0 = Debug|x64
		{EBA14553-ADA2-4562-A038-BE054E9E0305}.Debug|x86.ActiveCfg = Debug|Win32
		{EBA14553-ADA2-4562-A038-BE054E9E0305}.Debug|x86.Build.0 = Debug|Win32
		{EBA14553-ADA2-4562-A038-BE054E9E0305}.Release|x64.ActiveCfg = Release|x64
		{EBA14553-ADA2-4562-A038-BE054E9E0305}.Release|x64.Build.0 = Release|x64
		{EBA14553-ADA2-4562-A038-BE054E9E0305}.Release|x86.ActiveCfg = Release|Win32
		{EBA14553-ADA2-4562-A038-BE054E9E0305}.Release|x86.Build.0 = Release|Win32
		{92D9EA8C-5D14-46C8-A5A2-E65D4CD8A573}.Debug|x64.ActiveCfg = Debug|x64
		{92D9EA8C-5D14-46C8-A5A2-E65D4CD8A573}.Debug|x64.Build.0 = Debug|x64
		{92D9EA8C-5D14-46C8-A5A2-E65D4CD8A573}.Debug|x86.ActiveCfg = Debug|Win32
		{92D9EA8C-5D14-46C8-A5A2-E65D4CD8A573}.Debug|x86.Build.0 = Debug|Win32
		{92D9EA8C-5D14-46C8-A5A2-E65D4CD8A573}.Release|x64.ActiveCfg = Release|x64
		{92D9EA8C-5D14-46C8-A5A2-E65D4CD8A573}.Release|x64.Build.0 = Release|x64
		{92D9EA8C-5D14-46C8-A5A2-E65D4CD8A573}.Release|x86.ActiveCfg = Release|Win32
		{92D9EA8C-5D14-46C8-A5A2-E65D4CD8A573}.Release|x86.Build.0 = Release|Win32
		{F41993AE-F4A2-43FB-8D76-224838FAD210}.Debug|x64.ActiveCfg = Debug|x64
		{F41993AE-F4A2-43FB-8D76-224838FAD210}.Debug|x64.Build.0 = Debug|x64
		{F41993AE-F4A2-43FB-8D76-224838FAD210}.Debug|x86.ActiveCfg = Debug|Win32
		{F41993AE-F4A2-43FB-8D76-224838FAD210}.Debug|x86.Build.0 = Debug|Win32
		{F41993AE-F4A2-43FB-8D76-224838FAD210}.Release|x64.ActiveCfg = Release|x64
		{F41993AE-F4A2-43FB-8D76-224838FAD210}.Release|x64.Build.0 = Release|x64
		{F41993AE-F4A2-43FB-8D76-224838FAD210}.Release|x86.ActiveCfg = Release|Win32
		{F41993AE-F4A2-43FB-8D76-224838FAD210}.Release|x86.Build.0 = Release|Win32
		{D3268DF7-596F-4C4C-9903-09862CE57CE2}.Debug|x64.ActiveCfg = Debug|x64
		{D3268DF7-596F-4C4C-9903-09862CE57CE2}.Debug|x64.Build.0 = Debug|x64
		{D3268DF7-596F-4C4C-9903-09862CE57CE2}.Debug|x86.ActiveCfg = Debug|Win32
		{D3268DF7-596F-4C4C-9903-09862CE57CE2}.Debug|x86.Build.0 = Debug|Win32
		{D3268DF7-596F-4C4C-9903-09862CE57CE2}.Release|x64.ActiveCfg = Release|x64
		{D3268DF7-596F-4C4C-9903-09862CE57CE2}.Release|x64.Build.0 = Release|x64
		{D3268DF7-596F-4C4C-9903-09862CE57CE2}.Release|x86.ActiveCfg = Release|Win32
		{D3268DF7-596F-4C4C-9903-09862CE57CE2}.Release|x86.Build.0 = Release|Win32
		{ABA62D70-D06F-457D-9F98-BA24AA549377}.Debug|x64.ActiveCfg = Debug|x64
		{ABA62D70-D06F-457D-9F98-BA24AA549377}.Debug|x64.Build.0 = Debug|x64
		{ABA62D70-D06F-457D-9F98-BA24AA549377}.Debug|x86.ActiveCfg = Debug|Win32
		{ABA62D70-D06F-457D-9F98-BA24AA549377}.Debug|x86.Build.0 = Debug|Win32
		{ABA62D70-D06F-457D-9F98-BA24AA549377}.Release|x64.ActiveCfg = Release|x64
		{ABA62D70-D06F-457D-9F98-BA24AA549377}.Release|x64.Build.0 = Release|x64
		{ABA62D70-D06F-457D-9F98-BA24AA549377}.Release|x86.ActiveCfg = Release|Win32
		{ABA62D70-D06F-457D-9F98-BA24AA549377}.Release|x86.Build.0 = Release|Win32
		{B26B8E08-4859-41B5-B91C-C0758CFB1FAB}.Debug|x64.ActiveCfg = Debug|x64
		{B26B8E08-4859-41B5-B91C-C0758CFB1FAB}.Debug|x64.Build.0 = Debug|x64
		{B26B8E08-4859-41B5-B91C-C0758CFB1FAB}.Debug|x86.ActiveCfg = Debug|Win32
		{B26B8E08-4859-41B5-B91C-C0758CFB1FAB}.Debug|x86.Build.0 = Debug|Win32
		{B26B8E08-4859-41B5-B91C-C0758CFB1FAB}.Release|x64.ActiveCfg = Release|x64
		{B26B8E08-4859-41B5-B91C-C0758CFB1FAB}.Release|x64.Build.0 = Release|x64
		{B26B8E08-4859-41B5-B91C-C0758CFB1FAB}.Release|x86.ActiveCfg = Release|Win32
		{B26B8E08-4859-41B5-B91C-C0758CFB1FAB}.Release|x86.Build.0 = Release|Win32
		{C0E7150B-4D36-3575-A86F-EAD8986F4675}.Debug|x64.ActiveCfg = Debug|Win32
		{C0E7150B-4D36-3575-A86F-EAD8986F4675}.Debug|x86.ActiveCfg = Debug|Win32
		{C0E7150B-4D36-3575-A86F-EAD8986F4675}.Debug|x86.Build.0 = Debug|Win32
		{C0E7150B-4D36-3575-A86F-EAD8986F4675}.Release|x64.ActiveCfg = Release|Win32
		{C0E7150B-4D36-3575-A86F-EAD8986F4675}.Release|x86.ActiveCfg = Release|Win32
		{C0E7150B-4D36-3575-A86F-EAD8986F4675}.Release|x86.Build.0 = Release|Win32
		{D7BA6800-62DB-3525-BC13-06D34095A905}.Debug|x64.ActiveCfg = Debug|Win32
		{D7BA6800-62DB-3525-BC13-06D34095A905}.Debug|x86.ActiveCfg = Debug|Win32
		{D7BA6800-62DB-3525-BC13-06D34095A905}.Debug|x86.Build.0 = Debug|Win32
		{D7BA6800-62DB-3525-BC13-06D34095A905}.Release|x64.ActiveCfg = Release|Win32
		{D7BA6800-62DB-3525-BC13-06D34095A905}.Release|x86.ActiveCfg = Release|Win32
		{D7BA6800-62DB-3525-BC13-06D34095A905}.Release|x86.Build.0 = Release|Win32
		{6DC295E1-9625-36D7-9FB5-316F764E0D30}.Debug|x64.ActiveCfg = Debug|Win32
		{6DC295E1-9625-36D7-9FB5-316F764E0D30}.Debug|x86.ActiveCfg = Debug|Win32
		{6DC295E1-9625-36D7-9FB5-316F764E0D30}.Debug|x86.Build.0 = Debug|Win32
		{6DC295E1-9625-36D7-9FB5-316F764E0D30}.Debug|x86.Deploy.0 = Debug|Win32
		{6DC295E1-9625-36D7-9FB5-316F764E0D30}.Release|x64.ActiveCfg = Release|Win32
		{6DC295E1-9625-36D7-9FB5-316F764E0D30}.Release|x86.ActiveCfg = Release|Win32
		{6DC295E1-9625-36D7-9FB5-316F764E0D30}.Release|x86.Build.0 = Release|Win32
		{6DC295E1-9625-36D7-9FB5-316F764E0D30}.Release|x86.Deploy.0 = Release|Win32
	EndGlobalSection
	GlobalSection(SolutionProperties) = preSolution
		HideSolutionNode = FALSE
	EndGlobalSection
	GlobalSection(ExtensibilityGlobals) = postSolution
		SolutionGuid = {E7612EC9-E2E9-442F-B7C6-34C057A488F1}
	EndGlobalSection
EndGlobal
