
Microsoft Visual Studio Solution File, Format Version 12.00
# Visual Studio 14
VisualStudioVersion = 14.0.23107.0
MinimumVisualStudioVersion = 10.0.40219.1
Project("{8BC9CEB8-8B4A-11D0-8D11-00A0C91BC942}") = "Core", "Core\Core.vcxproj", "{D30527C0-C751-4191-A562-15717B53C0CE}"
EndProject
Project("{2150E333-8FDC-42A3-9474-1A3956D46DE8}") = "Externals", "Externals", "{2757A270-DC37-4207-8B04-B24CBBAD755E}"
EndProject
Project("{8BC9CEB8-8B4A-11D0-8D11-00A0C91BC942}") = "FreeType", "Externals\FreeType\FreeType.vcxproj", "{8EAD06C7-03E0-40AD-A969-CEEE5F30BF76}"
EndProject
Project("{8BC9CEB8-8B4A-11D0-8D11-00A0C91BC942}") = "Application", "Application\Application.vcxproj", "{C6E5297A-2486-4A0B-B4A6-A8F386B63BD2}"
EndProject
Project("{8BC9CEB8-8B4A-11D0-8D11-00A0C91BC942}") = "GLEW", "Externals\GLEW\GLEW.vcxproj", "{EBA14553-ADA2-4562-A038-BE054E9E0305}"
EndProject
Global
	GlobalSection(SolutionConfigurationPlatforms) = preSolution
		Debug|x64 = Debug|x64
		Debug|x86 = Debug|x86
		Release|x64 = Release|x64
		Release|x86 = Release|x86
	EndGlobalSection
	GlobalSection(ProjectConfigurationPlatforms) = postSolution
		{D30527C0-C751-4191-A562-15717B53C0CE}.Debug|x64.ActiveCfg = Debug|Win32
		{D30527C0-C751-4191-A562-15717B53C0CE}.Debug|x86.ActiveCfg = Debug|Win32
		{D30527C0-C751-4191-A562-15717B53C0CE}.Debug|x86.Build.0 = Debug|Win32
		{D30527C0-C751-4191-A562-15717B53C0CE}.Release|x64.ActiveCfg = Release|Win32
		{D30527C0-C751-4191-A562-15717B53C0CE}.Release|x86.ActiveCfg = Release|Win32
		{D30527C0-C751-4191-A562-15717B53C0CE}.Release|x86.Build.0 = Release|Win32
		{8EAD06C7-03E0-40AD-A969-CEEE5F30BF76}.Debug|x64.ActiveCfg = Debug|x64
		{8EAD06C7-03E0-40AD-A969-CEEE5F30BF76}.Debug|x64.Build.0 = Debug|x64
		{8EAD06C7-03E0-40AD-A969-CEEE5F30BF76}.Debug|x86.ActiveCfg = Debug|Win32
		{8EAD06C7-03E0-40AD-A969-CEEE5F30BF76}.Debug|x86.Build.0 = Debug|Win32
		{8EAD06C7-03E0-40AD-A969-CEEE5F30BF76}.Release|x64.ActiveCfg = Release|x64
		{8EAD06C7-03E0-40AD-A969-CEEE5F30BF76}.Release|x64.Build.0 = Release|x64
		{8EAD06C7-03E0-40AD-A969-CEEE5F30BF76}.Release|x86.ActiveCfg = Release|Win32
		{8EAD06C7-03E0-40AD-A969-CEEE5F30BF76}.Release|x86.Build.0 = Release|Win32
		{C6E5297A-2486-4A0B-B4A6-A8F386B63BD2}.Debug|x64.ActiveCfg = Debug|x64
		{C6E5297A-2486-4A0B-B4A6-A8F386B63BD2}.Debug|x64.Build.0 = Debug|x64
		{C6E5297A-2486-4A0B-B4A6-A8F386B63BD2}.Debug|x86.ActiveCfg = Debug|Win32
		{C6E5297A-2486-4A0B-B4A6-A8F386B63BD2}.Debug|x86.Build.0 = Debug|Win32
		{C6E5297A-2486-4A0B-B4A6-A8F386B63BD2}.Release|x64.ActiveCfg = Release|x64
		{C6E5297A-2486-4A0B-B4A6-A8F386B63BD2}.Release|x64.Build.0 = Release|x64
		{C6E5297A-2486-4A0B-B4A6-A8F386B63BD2}.Release|x86.ActiveCfg = Release|Win32
		{C6E5297A-2486-4A0B-B4A6-A8F386B63BD2}.Release|x86.Build.0 = Release|Win32
		{EBA14553-ADA2-4562-A038-BE054E9E0305}.Debug|x64.ActiveCfg = Debug|x64
		{EBA14553-ADA2-4562-A038-BE054E9E0305}.Debug|x64.Build.0 = Debug|x64
		{EBA14553-ADA2-4562-A038-BE054E9E0305}.Debug|x86.ActiveCfg = Debug|Win32
		{EBA14553-ADA2-4562-A038-BE054E9E0305}.Debug|x86.Build.0 = Debug|Win32
		{EBA14553-ADA2-4562-A038-BE054E9E0305}.Release|x64.ActiveCfg = Release|x64
		{EBA14553-ADA2-4562-A038-BE054E9E0305}.Release|x64.Build.0 = Release|x64
		{EBA14553-ADA2-4562-A038-BE054E9E0305}.Release|x86.ActiveCfg = Release|Win32
		{EBA14553-ADA2-4562-A038-BE054E9E0305}.Release|x86.Build.0 = Release|Win32
	EndGlobalSection
	GlobalSection(SolutionProperties) = preSolution
		HideSolutionNode = FALSE
	EndGlobalSection
	GlobalSection(NestedProjects) = preSolution
		{8EAD06C7-03E0-40AD-A969-CEEE5F30BF76} = {2757A270-DC37-4207-8B04-B24CBBAD755E}
		{EBA14553-ADA2-4562-A038-BE054E9E0305} = {2757A270-DC37-4207-8B04-B24CBBAD755E}
	EndGlobalSection
EndGlobal
