<?xml version="1.0" encoding="utf-8"?>
<Project ToolsVersion="4.0" xmlns="http://schemas.microsoft.com/developer/msbuild/2003">
  <ItemGroup>
    <Filter Include="Source Files">
      <UniqueIdentifier>{4FC737F1-C7A5-4376-A066-2A32D752A2FF}</UniqueIdentifier>
      <Extensions>cpp;c;cc;cxx;def;odl;idl;hpj;bat;asm;asmx</Extensions>
    </Filter>
    <Filter Include="Header Files">
      <UniqueIdentifier>{93995380-89BD-4b04-88EB-625FBE52EBFB}</UniqueIdentifier>
      <Extensions>h;hh;hpp;hxx;hm;inl;inc;xsd</Extensions>
    </Filter>
    <Filter Include="Resource Files">
      <UniqueIdentifier>{67DA6AB6-F800-4c08-8B7A-83BB121AAD01}</UniqueIdentifier>
      <Extensions>rc;ico;cur;bmp;dlg;rc2;rct;bin;rgs;gif;jpg;jpeg;jpe;resx;tiff;tif;png;wav;mfcribbon-ms</Extensions>
    </Filter>
  </ItemGroup>
  <ItemGroup>
    <ClCompile Include="Source\Maths\mat4.cpp">
      <Filter>Source Files</Filter>
    </ClCompile>
    <ClCompile Include="Source\Graphics\Shaders\ShaderProgram.cpp">
      <Filter>Source Files</Filter>
    </ClCompile>
    <ClCompile Include="Source\Graphics\Buffers\Buffer.cpp">
      <Filter>Source Files</Filter>
    </ClCompile>
    <ClCompile Include="Source\Graphics\Renderables\Sprite.cpp">
      <Filter>Source Files</Filter>
    </ClCompile>
    <ClCompile Include="Source\Graphics\Buffers\IndexBuffer.cpp">
      <Filter>Source Files</Filter>
    </ClCompile>
    <ClCompile Include="Source\Graphics\Buffers\VertexArray.cpp">
      <Filter>Source Files</Filter>
    </ClCompile>
    <ClCompile Include="Source\Platforms\Windows\Win32Window.cpp">
      <Filter>Source Files</Filter>
    </ClCompile>
    <ClCompile Include="Source\Graphics\Textures\TextureManager.cpp">
      <Filter>Source Files</Filter>
    </ClCompile>
    <ClCompile Include="Source\Graphics\Renderables\Label.cpp">
      <Filter>Source Files</Filter>
    </ClCompile>
    <ClCompile Include="Source\Graphics\Renderables\Group.cpp">
      <Filter>Source Files</Filter>
    </ClCompile>
    <ClCompile Include="Source\Graphics\Layer.cpp">
      <Filter>Source Files</Filter>
    </ClCompile>
    <ClCompile Include="Source\Internal\MemoryManager.cpp">
      <Filter>Source Files</Filter>
    </ClCompile>
    <ClCompile Include="Source\Graphics\Fonts\Font.cpp">
      <Filter>Source Files</Filter>
    </ClCompile>
    <ClCompile Include="Source\Graphics\Fonts\FontManager.cpp">
      <Filter>Source Files</Filter>
    </ClCompile>
    <ClCompile Include="Source\Graphics\Renderers\Renderer2D.cpp">
      <Filter>Source Files</Filter>
    </ClCompile>
    <ClCompile Include="Source\Utilities\ImageUtils.cpp">
      <Filter>Source Files</Filter>
    </ClCompile>
    <ClCompile Include="Source\Utilities\Timers\Timer.cpp">
      <Filter>Source Files</Filter>
    </ClCompile>
    <ClCompile Include="Source\Platforms\Window.cpp">
      <Filter>Source Files</Filter>
    </ClCompile>
    <ClCompile Include="Source\Audio\Sound.cpp">
      <Filter>Source Files</Filter>
    </ClCompile>
    <ClCompile Include="Source\Audio\SoundManager.cpp">
      <Filter>Source Files</Filter>
    </ClCompile>
    <ClCompile Include="Source\S3DGE.cpp">
      <Filter>Source Files</Filter>
    </ClCompile>
    <ClCompile Include="Source\Audio\SoundFactory.cpp">
      <Filter>Source Files</Filter>
    </ClCompile>
    <ClCompile Include="Source\Graphics\Textures\TextureFactory.cpp">
      <Filter>Source Files</Filter>
    </ClCompile>
    <ClCompile Include="Source\Graphics\Fonts\FontFactory.cpp">
      <Filter>Source Files</Filter>
    </ClCompile>
    <ClCompile Include="Source\Utilities\FileUtils.cpp">
      <Filter>Source Files</Filter>
    </ClCompile>
    <ClCompile Include="Source\Graphics\Renderables\Renderable2D.cpp">
      <Filter>Source Files</Filter>
    </ClCompile>
    <ClCompile Include="Source\Tools\ScriptParser.cpp">
      <Filter>Source Files</Filter>
    </ClCompile>
    <ClCompile Include="Source\Graphics\GraphicsManager.cpp">
      <Filter>Source Files</Filter>
    </ClCompile>
    <ClCompile Include="Source\Graphics\Textures\Texture2D.cpp">
      <Filter>Source Files</Filter>
    </ClCompile>
    <ClCompile Include="Source\Graphics\Scenes\Scene.cpp">
      <Filter>Source Files</Filter>
    </ClCompile>
    <ClCompile Include="Source\Utilities\IDGenerator.cpp">
      <Filter>Source Files</Filter>
    </ClCompile>
    <ClCompile Include="Source\Logic\Components\BaseObject.cpp">
      <Filter>Source Files</Filter>
    </ClCompile>
    <ClCompile Include="Source\Logic\Components\Camera.cpp">
      <Filter>Source Files</Filter>
    </ClCompile>
    <ClCompile Include="Source\Internal\OpenGLDebug.h">
      <Filter>Source Files</Filter>
    </ClCompile>
  </ItemGroup>
  <ItemGroup>
    <ClInclude Include="Source\S3DGECommon.h">
      <Filter>Header Files</Filter>
    </ClInclude>
    <ClInclude Include="Source\Maths\vec2.h">
      <Filter>Header Files</Filter>
    </ClInclude>
    <ClInclude Include="Source\Maths\vec3.h">
      <Filter>Header Files</Filter>
    </ClInclude>
    <ClInclude Include="Source\Maths\vec4.h">
      <Filter>Header Files</Filter>
    </ClInclude>
    <ClInclude Include="Source\Maths\MathsHeader.h">
      <Filter>Header Files</Filter>
    </ClInclude>
    <ClInclude Include="Source\Maths\mat4.h">
      <Filter>Header Files</Filter>
    </ClInclude>
    <ClInclude Include="Source\Graphics\Shaders\ShaderProgram.h">
      <Filter>Header Files</Filter>
    </ClInclude>
    <ClInclude Include="Source\Graphics\Buffers\Buffer.h">
      <Filter>Header Files</Filter>
    </ClInclude>
    <ClInclude Include="Source\Graphics\Renderables\Renderable2D.h">
      <Filter>Header Files</Filter>
    </ClInclude>
    <ClInclude Include="Source\Graphics\Renderables\Sprite.h">
      <Filter>Header Files</Filter>
    </ClInclude>
    <ClInclude Include="Source\Graphics\Buffers\IndexBuffer.h">
      <Filter>Header Files</Filter>
    </ClInclude>
    <ClInclude Include="Source\Graphics\Buffers\VertexArray.h">
      <Filter>Header Files</Filter>
    </ClInclude>
    <ClInclude Include="Source\Platforms\Windows\WindowsKeys.h">
      <Filter>Header Files</Filter>
    </ClInclude>
    <ClInclude Include="Source\Utilities\Converters.h">
      <Filter>Header Files</Filter>
    </ClInclude>
    <ClInclude Include="Source\Graphics\Textures\TextureManager.h">
      <Filter>Header Files</Filter>
    </ClInclude>
    <ClInclude Include="Externals\FreeTypeGL\utf8-utils.h">
      <Filter>Header Files</Filter>
    </ClInclude>
    <ClInclude Include="Source\Graphics\Renderables\Label.h">
      <Filter>Header Files</Filter>
    </ClInclude>
    <ClInclude Include="Source\Utilities\RGN.h">
      <Filter>Header Files</Filter>
    </ClInclude>
    <ClInclude Include="Source\Graphics\Renderables\Group.h">
      <Filter>Header Files</Filter>
    </ClInclude>
    <ClInclude Include="Source\Graphics\Layer.h">
      <Filter>Header Files</Filter>
    </ClInclude>
    <ClInclude Include="Source\Internal\DeleteMacros.h">
      <Filter>Header Files</Filter>
    </ClInclude>
    <ClInclude Include="Source\Internal\Log.h">
      <Filter>Header Files</Filter>
    </ClInclude>
    <ClInclude Include="Source\Internal\MemoryManager.h">
      <Filter>Header Files</Filter>
    </ClInclude>
    <ClInclude Include="Source\Graphics\GraphicsStructures.h">
      <Filter>Header Files</Filter>
    </ClInclude>
    <ClInclude Include="Source\Graphics\Fonts\Font.h">
      <Filter>Header Files</Filter>
    </ClInclude>
    <ClInclude Include="Source\Graphics\Fonts\FontManager.h">
      <Filter>Header Files</Filter>
    </ClInclude>
    <ClInclude Include="Source\CustomTypes.h">
      <Filter>Header Files</Filter>
    </ClInclude>
    <ClInclude Include="Source\Graphics\Renderers\Renderer2D.h">
      <Filter>Header Files</Filter>
    </ClInclude>
    <ClInclude Include="Source\Utilities\ImageUtils.h">
      <Filter>Header Files</Filter>
    </ClInclude>
    <ClInclude Include="Source\Common.h">
      <Filter>Header Files</Filter>
    </ClInclude>
    <ClInclude Include="Source\Utilities\Timers\Timer.h">
      <Filter>Header Files</Filter>
    </ClInclude>
    <ClInclude Include="Source\Platforms\Window.h">
      <Filter>Header Files</Filter>
    </ClInclude>
    <ClInclude Include="Source\Audio\Sound.h">
      <Filter>Header Files</Filter>
    </ClInclude>
    <ClInclude Include="Source\Audio\SoundManager.h">
      <Filter>Header Files</Filter>
    </ClInclude>
    <ClInclude Include="Include\S3DGE.h">
      <Filter>Header Files</Filter>
    </ClInclude>
    <ClInclude Include="Source\Audio\SoundFactory.h">
      <Filter>Header Files</Filter>
    </ClInclude>
    <ClInclude Include="Source\Utilities\FileUtils.h">
      <Filter>Header Files</Filter>
    </ClInclude>
    <ClInclude Include="Source\Graphics\Textures\TextureFactory.h">
      <Filter>Header Files</Filter>
    </ClInclude>
    <ClInclude Include="Source\Graphics\Fonts\FontFactory.h">
      <Filter>Header Files</Filter>
    </ClInclude>
    <ClInclude Include="Source\Tools\ScriptParser.h">
      <Filter>Header Files</Filter>
    </ClInclude>
    <ClInclude Include="Source\Graphics\GraphicsManager.h">
      <Filter>Header Files</Filter>
    </ClInclude>
    <ClInclude Include="Source\Internal\enums.h">
      <Filter>Header Files</Filter>
    </ClInclude>
    <ClInclude Include="Source\Graphics\Textures\Texture2D.h">
      <Filter>Header Files</Filter>
    </ClInclude>
    <ClInclude Include="Source\Graphics\Scenes\Scene.h">
      <Filter>Header Files</Filter>
    </ClInclude>
    <ClInclude Include="Source\Utilities\IDGenerator.h">
      <Filter>Header Files</Filter>
    </ClInclude>
    <ClInclude Include="Source\Logic\Components\Entity.h">
      <Filter>Header Files</Filter>
    </ClInclude>
    <ClInclude Include="Source\Logic\Components\BaseObject.h">
      <Filter>Header Files</Filter>
    </ClInclude>
    <ClInclude Include="Source\Logic\Components\Camera.h">
      <Filter>Header Files</Filter>
    </ClInclude>
  </ItemGroup>
</Project>